
Microsoft Visual Studio Solution File, Format Version 12.00
# Visual Studio Version 16
VisualStudioVersion = 16.0.31605.320
MinimumVisualStudioVersion = 10.0.40219.1
Project("{FAE04EC0-301F-11D3-BF4B-00C04F79EFBC}") = "DDBProject", "DDBProject\DDBProject.csproj", "{442D1D31-9D41-4879-A2B5-A1D8F084F83B}"
EndProject
Global
	GlobalSection(SolutionConfigurationPlatforms) = preSolution
		Debug|Any CPU = Debug|Any CPU
		Release|Any CPU = Release|Any CPU
	EndGlobalSection
	GlobalSection(ProjectConfigurationPlatforms) = postSolution
		{442D1D31-9D41-4879-A2B5-A1D8F084F83B}.Debug|Any CPU.ActiveCfg = Debug|Any CPU
		{442D1D31-9D41-4879-A2B5-A1D8F084F83B}.Debug|Any CPU.Build.0 = Debug|Any CPU
		{442D1D31-9D41-4879-A2B5-A1D8F084F83B}.Release|Any CPU.ActiveCfg = Release|Any CPU
		{442D1D31-9D41-4879-A2B5-A1D8F084F83B}.Release|Any CPU.Build.0 = Release|Any CPU
	EndGlobalSection
	GlobalSection(SolutionProperties) = preSolution
		HideSolutionNode = FALSE
	EndGlobalSection
	GlobalSection(ExtensibilityGlobals) = postSolution
		SolutionGuid = {79280643-B80F-4141-AFAE-CBC0A1B4E4A9}
	EndGlobalSection
EndGlobal
